// !$*UTF8*$!
{
	archiveVersion = 1;
	classes = {
	};
	objectVersion = 56;
	objects = {

/* Begin PBXBuildFile section */
		40F137D5298262C700FF6800 /* AppDelegate.swift in Sources */ = {isa = PBXBuildFile; fileRef = 40F137D4298262C700FF6800 /* AppDelegate.swift */; };
		40F137D7298262C700FF6800 /* SceneDelegate.swift in Sources */ = {isa = PBXBuildFile; fileRef = 40F137D6298262C700FF6800 /* SceneDelegate.swift */; };
		40F137D9298262C700FF6800 /* MainViewController.swift in Sources */ = {isa = PBXBuildFile; fileRef = 40F137D8298262C700FF6800 /* MainViewController.swift */; };
		40F137DC298262C700FF6800 /* Main.storyboard in Resources */ = {isa = PBXBuildFile; fileRef = 40F137DA298262C700FF6800 /* Main.storyboard */; };
		40F137DE298262C800FF6800 /* Assets.xcassets in Resources */ = {isa = PBXBuildFile; fileRef = 40F137DD298262C800FF6800 /* Assets.xcassets */; };
		40F137E1298262C800FF6800 /* LaunchScreen.storyboard in Resources */ = {isa = PBXBuildFile; fileRef = 40F137DF298262C800FF6800 /* LaunchScreen.storyboard */; };
		40F137EC298262C800FF6800 /* SampleUIkit_2Tests.swift in Sources */ = {isa = PBXBuildFile; fileRef = 40F137EB298262C800FF6800 /* SampleUIkit_2Tests.swift */; };
		40F137F6298262C800FF6800 /* SampleUIkit_2UITests.swift in Sources */ = {isa = PBXBuildFile; fileRef = 40F137F5298262C800FF6800 /* SampleUIkit_2UITests.swift */; };
		40F137F8298262C800FF6800 /* SampleUIkit_2UITestsLaunchTests.swift in Sources */ = {isa = PBXBuildFile; fileRef = 40F137F7298262C800FF6800 /* SampleUIkit_2UITestsLaunchTests.swift */; };
		40F13806298286B600FF6800 /* 134809-bright-bubbles.json in Resources */ = {isa = PBXBuildFile; fileRef = 40F13805298286B600FF6800 /* 134809-bright-bubbles.json */; };
		7406F0133B2E6911D8EC23A8 /* Pods_SampleUIkit_2_SampleUIkit_2UITests.framework in Frameworks */ = {isa = PBXBuildFile; fileRef = 7400A15BCAACF2684809DA8C /* Pods_SampleUIkit_2_SampleUIkit_2UITests.framework */; };
		AC60B48CAE5EC981E3273A89 /* Pods_SampleUIkit_2.framework in Frameworks */ = {isa = PBXBuildFile; fileRef = B7B1A43BFD4044B066F91E91 /* Pods_SampleUIkit_2.framework */; };
		AD4FD4D9C86ACBBC03724460 /* Pods_SampleUIkit_2Tests.framework in Frameworks */ = {isa = PBXBuildFile; fileRef = 23775C44CF8DCC2B42A006C2 /* Pods_SampleUIkit_2Tests.framework */; };
/* End PBXBuildFile section */

/* Begin PBXContainerItemProxy section */
		40F137E8298262C800FF6800 /* PBXContainerItemProxy */ = {
			isa = PBXContainerItemProxy;
			containerPortal = 40F137C9298262C700FF6800 /* Project object */;
			proxyType = 1;
			remoteGlobalIDString = 40F137D0298262C700FF6800;
			remoteInfo = SampleUIkit_2;
		};
		40F137F2298262C800FF6800 /* PBXContainerItemProxy */ = {
			isa = PBXContainerItemProxy;
			containerPortal = 40F137C9298262C700FF6800 /* Project object */;
			proxyType = 1;
			remoteGlobalIDString = 40F137D0298262C700FF6800;
			remoteInfo = SampleUIkit_2;
		};
/* End PBXContainerItemProxy section */

/* Begin PBXFileReference section */
		1A596E9D5E313530ABE0834D /* Pods-SampleUIkit_2.debug.xcconfig */ = {isa = PBXFileReference; includeInIndex = 1; lastKnownFileType = text.xcconfig; name = "Pods-SampleUIkit_2.debug.xcconfig"; path = "Target Support Files/Pods-SampleUIkit_2/Pods-SampleUIkit_2.debug.xcconfig"; sourceTree = "<group>"; };
		22A7E9B0DF421C8B7DB0A165 /* Pods-SampleUIkit_2-SampleUIkit_2UITests.debug.xcconfig */ = {isa = PBXFileReference; includeInIndex = 1; lastKnownFileType = text.xcconfig; name = "Pods-SampleUIkit_2-SampleUIkit_2UITests.debug.xcconfig"; path = "Target Support Files/Pods-SampleUIkit_2-SampleUIkit_2UITests/Pods-SampleUIkit_2-SampleUIkit_2UITests.debug.xcconfig"; sourceTree = "<group>"; };
		23775C44CF8DCC2B42A006C2 /* Pods_SampleUIkit_2Tests.framework */ = {isa = PBXFileReference; explicitFileType = wrapper.framework; includeInIndex = 0; path = Pods_SampleUIkit_2Tests.framework; sourceTree = BUILT_PRODUCTS_DIR; };
		2BC94022F2D03F9B64A0B9CA /* Pods-SampleUIkit_2Tests.debug.xcconfig */ = {isa = PBXFileReference; includeInIndex = 1; lastKnownFileType = text.xcconfig; name = "Pods-SampleUIkit_2Tests.debug.xcconfig"; path = "Target Support Files/Pods-SampleUIkit_2Tests/Pods-SampleUIkit_2Tests.debug.xcconfig"; sourceTree = "<group>"; };
		40F137D1298262C700FF6800 /* SampleUIkit_2.app */ = {isa = PBXFileReference; explicitFileType = wrapper.application; includeInIndex = 0; path = SampleUIkit_2.app; sourceTree = BUILT_PRODUCTS_DIR; };
		40F137D4298262C700FF6800 /* AppDelegate.swift */ = {isa = PBXFileReference; lastKnownFileType = sourcecode.swift; path = AppDelegate.swift; sourceTree = "<group>"; };
		40F137D6298262C700FF6800 /* SceneDelegate.swift */ = {isa = PBXFileReference; lastKnownFileType = sourcecode.swift; path = SceneDelegate.swift; sourceTree = "<group>"; };
		40F137D8298262C700FF6800 /* MainViewController.swift */ = {isa = PBXFileReference; lastKnownFileType = sourcecode.swift; path = MainViewController.swift; sourceTree = "<group>"; };
		40F137DB298262C700FF6800 /* Base */ = {isa = PBXFileReference; lastKnownFileType = file.storyboard; name = Base; path = Base.lproj/Main.storyboard; sourceTree = "<group>"; };
		40F137DD298262C800FF6800 /* Assets.xcassets */ = {isa = PBXFileReference; lastKnownFileType = folder.assetcatalog; path = Assets.xcassets; sourceTree = "<group>"; };
		40F137E0298262C800FF6800 /* Base */ = {isa = PBXFileReference; lastKnownFileType = file.storyboard; name = Base; path = Base.lproj/LaunchScreen.storyboard; sourceTree = "<group>"; };
		40F137E2298262C800FF6800 /* Info.plist */ = {isa = PBXFileReference; lastKnownFileType = text.plist.xml; path = Info.plist; sourceTree = "<group>"; };
		40F137E7298262C800FF6800 /* SampleUIkit_2Tests.xctest */ = {isa = PBXFileReference; explicitFileType = wrapper.cfbundle; includeInIndex = 0; path = SampleUIkit_2Tests.xctest; sourceTree = BUILT_PRODUCTS_DIR; };
		40F137EB298262C800FF6800 /* SampleUIkit_2Tests.swift */ = {isa = PBXFileReference; lastKnownFileType = sourcecode.swift; path = SampleUIkit_2Tests.swift; sourceTree = "<group>"; };
		40F137F1298262C800FF6800 /* SampleUIkit_2UITests.xctest */ = {isa = PBXFileReference; explicitFileType = wrapper.cfbundle; includeInIndex = 0; path = SampleUIkit_2UITests.xctest; sourceTree = BUILT_PRODUCTS_DIR; };
		40F137F5298262C800FF6800 /* SampleUIkit_2UITests.swift */ = {isa = PBXFileReference; lastKnownFileType = sourcecode.swift; path = SampleUIkit_2UITests.swift; sourceTree = "<group>"; };
		40F137F7298262C800FF6800 /* SampleUIkit_2UITestsLaunchTests.swift */ = {isa = PBXFileReference; lastKnownFileType = sourcecode.swift; path = SampleUIkit_2UITestsLaunchTests.swift; sourceTree = "<group>"; };
		40F13805298286B600FF6800 /* 134809-bright-bubbles.json */ = {isa = PBXFileReference; fileEncoding = 4; lastKnownFileType = text.json; path = "134809-bright-bubbles.json"; sourceTree = "<group>"; };
		47466E14AB37FC168BAD911F /* Pods-SampleUIkit_2-SampleUIkit_2UITests.release.xcconfig */ = {isa = PBXFileReference; includeInIndex = 1; lastKnownFileType = text.xcconfig; name = "Pods-SampleUIkit_2-SampleUIkit_2UITests.release.xcconfig"; path = "Target Support Files/Pods-SampleUIkit_2-SampleUIkit_2UITests/Pods-SampleUIkit_2-SampleUIkit_2UITests.release.xcconfig"; sourceTree = "<group>"; };
		5F34046F523431E9F137CB2E /* Pods-SampleUIkit_2.release.xcconfig */ = {isa = PBXFileReference; includeInIndex = 1; lastKnownFileType = text.xcconfig; name = "Pods-SampleUIkit_2.release.xcconfig"; path = "Target Support Files/Pods-SampleUIkit_2/Pods-SampleUIkit_2.release.xcconfig"; sourceTree = "<group>"; };
		7400A15BCAACF2684809DA8C /* Pods_SampleUIkit_2_SampleUIkit_2UITests.framework */ = {isa = PBXFileReference; explicitFileType = wrapper.framework; includeInIndex = 0; path = Pods_SampleUIkit_2_SampleUIkit_2UITests.framework; sourceTree = BUILT_PRODUCTS_DIR; };
		B7B1A43BFD4044B066F91E91 /* Pods_SampleUIkit_2.framework */ = {isa = PBXFileReference; explicitFileType = wrapper.framework; includeInIndex = 0; path = Pods_SampleUIkit_2.framework; sourceTree = BUILT_PRODUCTS_DIR; };
		B9B1CCC92FF03F3010B33E55 /* Pods-SampleUIkit_2Tests.release.xcconfig */ = {isa = PBXFileReference; includeInIndex = 1; lastKnownFileType = text.xcconfig; name = "Pods-SampleUIkit_2Tests.release.xcconfig"; path = "Target Support Files/Pods-SampleUIkit_2Tests/Pods-SampleUIkit_2Tests.release.xcconfig"; sourceTree = "<group>"; };
/* End PBXFileReference section */

/* Begin PBXFrameworksBuildPhase section */
		40F137CE298262C700FF6800 /* Frameworks */ = {
			isa = PBXFrameworksBuildPhase;
			buildActionMask = 2147483647;
			files = (
				AC60B48CAE5EC981E3273A89 /* Pods_SampleUIkit_2.framework in Frameworks */,
			);
			runOnlyForDeploymentPostprocessing = 0;
		};
		40F137E4298262C800FF6800 /* Frameworks */ = {
			isa = PBXFrameworksBuildPhase;
			buildActionMask = 2147483647;
			files = (
				AD4FD4D9C86ACBBC03724460 /* Pods_SampleUIkit_2Tests.framework in Frameworks */,
			);
			runOnlyForDeploymentPostprocessing = 0;
		};
		40F137EE298262C800FF6800 /* Frameworks */ = {
			isa = PBXFrameworksBuildPhase;
			buildActionMask = 2147483647;
			files = (
				7406F0133B2E6911D8EC23A8 /* Pods_SampleUIkit_2_SampleUIkit_2UITests.framework in Frameworks */,
			);
			runOnlyForDeploymentPostprocessing = 0;
		};
/* End PBXFrameworksBuildPhase section */

/* Begin PBXGroup section */
		40F137C8298262C700FF6800 = {
			isa = PBXGroup;
			children = (
				40F137D3298262C700FF6800 /* SampleUIkit_2 */,
				40F137EA298262C800FF6800 /* SampleUIkit_2Tests */,
				40F137F4298262C800FF6800 /* SampleUIkit_2UITests */,
				40F137D2298262C700FF6800 /* Products */,
				DC3AE004AF25FF9C817D248F /* Pods */,
				6D4E0CF29523722E1FD09C9F /* Frameworks */,
			);
			sourceTree = "<group>";
		};
		40F137D2298262C700FF6800 /* Products */ = {
			isa = PBXGroup;
			children = (
				40F137D1298262C700FF6800 /* SampleUIkit_2.app */,
				40F137E7298262C800FF6800 /* SampleUIkit_2Tests.xctest */,
				40F137F1298262C800FF6800 /* SampleUIkit_2UITests.xctest */,
			);
			name = Products;
			sourceTree = "<group>";
		};
		40F137D3298262C700FF6800 /* SampleUIkit_2 */ = {
			isa = PBXGroup;
			children = (
				40F13805298286B600FF6800 /* 134809-bright-bubbles.json */,
				40F13804298262DB00FF6800 /* ViewControllers */,
				40F137D4298262C700FF6800 /* AppDelegate.swift */,
				40F137D6298262C700FF6800 /* SceneDelegate.swift */,
				40F137DA298262C700FF6800 /* Main.storyboard */,
				40F137DD298262C800FF6800 /* Assets.xcassets */,
				40F137DF298262C800FF6800 /* LaunchScreen.storyboard */,
				40F137E2298262C800FF6800 /* Info.plist */,
			);
			path = SampleUIkit_2;
			sourceTree = "<group>";
		};
		40F137EA298262C800FF6800 /* SampleUIkit_2Tests */ = {
			isa = PBXGroup;
			children = (
				40F137EB298262C800FF6800 /* SampleUIkit_2Tests.swift */,
			);
			path = SampleUIkit_2Tests;
			sourceTree = "<group>";
		};
		40F137F4298262C800FF6800 /* SampleUIkit_2UITests */ = {
			isa = PBXGroup;
			children = (
				40F137F5298262C800FF6800 /* SampleUIkit_2UITests.swift */,
				40F137F7298262C800FF6800 /* SampleUIkit_2UITestsLaunchTests.swift */,
			);
			path = SampleUIkit_2UITests;
			sourceTree = "<group>";
		};
		40F13804298262DB00FF6800 /* ViewControllers */ = {
			isa = PBXGroup;
			children = (
				40F137D8298262C700FF6800 /* MainViewController.swift */,
			);
			path = ViewControllers;
			sourceTree = "<group>";
		};
		6D4E0CF29523722E1FD09C9F /* Frameworks */ = {
			isa = PBXGroup;
			children = (
				B7B1A43BFD4044B066F91E91 /* Pods_SampleUIkit_2.framework */,
				7400A15BCAACF2684809DA8C /* Pods_SampleUIkit_2_SampleUIkit_2UITests.framework */,
				23775C44CF8DCC2B42A006C2 /* Pods_SampleUIkit_2Tests.framework */,
			);
			name = Frameworks;
			sourceTree = "<group>";
		};
		DC3AE004AF25FF9C817D248F /* Pods */ = {
			isa = PBXGroup;
			children = (
				1A596E9D5E313530ABE0834D /* Pods-SampleUIkit_2.debug.xcconfig */,
				5F34046F523431E9F137CB2E /* Pods-SampleUIkit_2.release.xcconfig */,
				22A7E9B0DF421C8B7DB0A165 /* Pods-SampleUIkit_2-SampleUIkit_2UITests.debug.xcconfig */,
				47466E14AB37FC168BAD911F /* Pods-SampleUIkit_2-SampleUIkit_2UITests.release.xcconfig */,
				2BC94022F2D03F9B64A0B9CA /* Pods-SampleUIkit_2Tests.debug.xcconfig */,
				B9B1CCC92FF03F3010B33E55 /* Pods-SampleUIkit_2Tests.release.xcconfig */,
			);
			path = Pods;
			sourceTree = "<group>";
		};
/* End PBXGroup section */

/* Begin PBXNativeTarget section */
		40F137D0298262C700FF6800 /* SampleUIkit_2 */ = {
			isa = PBXNativeTarget;
			buildConfigurationList = 40F137FB298262C800FF6800 /* Build configuration list for PBXNativeTarget "SampleUIkit_2" */;
			buildPhases = (
				C8500390D9B5D8C6FDEA4594 /* [CP] Check Pods Manifest.lock */,
				40F137CD298262C700FF6800 /* Sources */,
				40F137CE298262C700FF6800 /* Frameworks */,
				40F137CF298262C700FF6800 /* Resources */,
				31F14C910BE448F58FD3CB2C /* [CP] Embed Pods Frameworks */,
			);
			buildRules = (
			);
			dependencies = (
			);
			name = SampleUIkit_2;
			productName = SampleUIkit_2;
			productReference = 40F137D1298262C700FF6800 /* SampleUIkit_2.app */;
			productType = "com.apple.product-type.application";
		};
		40F137E6298262C800FF6800 /* SampleUIkit_2Tests */ = {
			isa = PBXNativeTarget;
			buildConfigurationList = 40F137FE298262C800FF6800 /* Build configuration list for PBXNativeTarget "SampleUIkit_2Tests" */;
			buildPhases = (
				03438C306BB401C58C8B1957 /* [CP] Check Pods Manifest.lock */,
				40F137E3298262C800FF6800 /* Sources */,
				40F137E4298262C800FF6800 /* Frameworks */,
				40F137E5298262C800FF6800 /* Resources */,
			);
			buildRules = (
			);
			dependencies = (
				40F137E9298262C800FF6800 /* PBXTargetDependency */,
			);
			name = SampleUIkit_2Tests;
			productName = SampleUIkit_2Tests;
			productReference = 40F137E7298262C800FF6800 /* SampleUIkit_2Tests.xctest */;
			productType = "com.apple.product-type.bundle.unit-test";
		};
		40F137F0298262C800FF6800 /* SampleUIkit_2UITests */ = {
			isa = PBXNativeTarget;
			buildConfigurationList = 40F13801298262C800FF6800 /* Build configuration list for PBXNativeTarget "SampleUIkit_2UITests" */;
			buildPhases = (
				D509BCFAC82EB46978044E0A /* [CP] Check Pods Manifest.lock */,
				40F137ED298262C800FF6800 /* Sources */,
				40F137EE298262C800FF6800 /* Frameworks */,
				40F137EF298262C800FF6800 /* Resources */,
				D9812A6CE22EA745F26385DC /* [CP] Embed Pods Frameworks */,
			);
			buildRules = (
			);
			dependencies = (
				40F137F3298262C800FF6800 /* PBXTargetDependency */,
			);
			name = SampleUIkit_2UITests;
			productName = SampleUIkit_2UITests;
			productReference = 40F137F1298262C800FF6800 /* SampleUIkit_2UITests.xctest */;
			productType = "com.apple.product-type.bundle.ui-testing";
		};
/* End PBXNativeTarget section */

/* Begin PBXProject section */
		40F137C9298262C700FF6800 /* Project object */ = {
			isa = PBXProject;
			attributes = {
				BuildIndependentTargetsInParallel = 1;
				LastSwiftUpdateCheck = 1420;
				LastUpgradeCheck = 1420;
				TargetAttributes = {
					40F137D0298262C700FF6800 = {
						CreatedOnToolsVersion = 14.2;
					};
					40F137E6298262C800FF6800 = {
						CreatedOnToolsVersion = 14.2;
						TestTargetID = 40F137D0298262C700FF6800;
					};
					40F137F0298262C800FF6800 = {
						CreatedOnToolsVersion = 14.2;
						TestTargetID = 40F137D0298262C700FF6800;
					};
				};
			};
			buildConfigurationList = 40F137CC298262C700FF6800 /* Build configuration list for PBXProject "SampleUIkit_2" */;
			compatibilityVersion = "Xcode 14.0";
			developmentRegion = en;
			hasScannedForEncodings = 0;
			knownRegions = (
				en,
				Base,
			);
			mainGroup = 40F137C8298262C700FF6800;
			productRefGroup = 40F137D2298262C700FF6800 /* Products */;
			projectDirPath = "";
			projectRoot = "";
			targets = (
				40F137D0298262C700FF6800 /* SampleUIkit_2 */,
				40F137E6298262C800FF6800 /* SampleUIkit_2Tests */,
				40F137F0298262C800FF6800 /* SampleUIkit_2UITests */,
			);
		};
/* End PBXProject section */

/* Begin PBXResourcesBuildPhase section */
		40F137CF298262C700FF6800 /* Resources */ = {
			isa = PBXResourcesBuildPhase;
			buildActionMask = 2147483647;
			files = (
				40F13806298286B600FF6800 /* 134809-bright-bubbles.json in Resources */,
				40F137E1298262C800FF6800 /* LaunchScreen.storyboard in Resources */,
				40F137DE298262C800FF6800 /* Assets.xcassets in Resources */,
				40F137DC298262C700FF6800 /* Main.storyboard in Resources */,
			);
			runOnlyForDeploymentPostprocessing = 0;
		};
		40F137E5298262C800FF6800 /* Resources */ = {
			isa = PBXResourcesBuildPhase;
			buildActionMask = 2147483647;
			files = (
			);
			runOnlyForDeploymentPostprocessing = 0;
		};
		40F137EF298262C800FF6800 /* Resources */ = {
			isa = PBXResourcesBuildPhase;
			buildActionMask = 2147483647;
			files = (
			);
			runOnlyForDeploymentPostprocessing = 0;
		};
/* End PBXResourcesBuildPhase section */

/* Begin PBXShellScriptBuildPhase section */
		03438C306BB401C58C8B1957 /* [CP] Check Pods Manifest.lock */ = {
			isa = PBXShellScriptBuildPhase;
			buildActionMask = 2147483647;
			files = (
			);
			inputFileListPaths = (
			);
			inputPaths = (
				"${PODS_PODFILE_DIR_PATH}/Podfile.lock",
				"${PODS_ROOT}/Manifest.lock",
			);
			name = "[CP] Check Pods Manifest.lock";
			outputFileListPaths = (
			);
			outputPaths = (
				"$(DERIVED_FILE_DIR)/Pods-SampleUIkit_2Tests-checkManifestLockResult.txt",
			);
			runOnlyForDeploymentPostprocessing = 0;
			shellPath = /bin/sh;
			shellScript = "diff \"${PODS_PODFILE_DIR_PATH}/Podfile.lock\" \"${PODS_ROOT}/Manifest.lock\" > /dev/null\nif [ $? != 0 ] ; then\n    # print error to STDERR\n    echo \"error: The sandbox is not in sync with the Podfile.lock. Run 'pod install' or update your CocoaPods installation.\" >&2\n    exit 1\nfi\n# This output is used by Xcode 'outputs' to avoid re-running this script phase.\necho \"SUCCESS\" > \"${SCRIPT_OUTPUT_FILE_0}\"\n";
			showEnvVarsInLog = 0;
		};
		31F14C910BE448F58FD3CB2C /* [CP] Embed Pods Frameworks */ = {
			isa = PBXShellScriptBuildPhase;
			buildActionMask = 2147483647;
			files = (
			);
			inputFileListPaths = (
				"${PODS_ROOT}/Target Support Files/Pods-SampleUIkit_2/Pods-SampleUIkit_2-frameworks-${CONFIGURATION}-input-files.xcfilelist",
			);
			name = "[CP] Embed Pods Frameworks";
			outputFileListPaths = (
				"${PODS_ROOT}/Target Support Files/Pods-SampleUIkit_2/Pods-SampleUIkit_2-frameworks-${CONFIGURATION}-output-files.xcfilelist",
			);
			runOnlyForDeploymentPostprocessing = 0;
			shellPath = /bin/sh;
			shellScript = "\"${PODS_ROOT}/Target Support Files/Pods-SampleUIkit_2/Pods-SampleUIkit_2-frameworks.sh\"\n";
			showEnvVarsInLog = 0;
		};
		C8500390D9B5D8C6FDEA4594 /* [CP] Check Pods Manifest.lock */ = {
			isa = PBXShellScriptBuildPhase;
			buildActionMask = 2147483647;
			files = (
			);
			inputFileListPaths = (
			);
			inputPaths = (
				"${PODS_PODFILE_DIR_PATH}/Podfile.lock",
				"${PODS_ROOT}/Manifest.lock",
			);
			name = "[CP] Check Pods Manifest.lock";
			outputFileListPaths = (
			);
			outputPaths = (
				"$(DERIVED_FILE_DIR)/Pods-SampleUIkit_2-checkManifestLockResult.txt",
			);
			runOnlyForDeploymentPostprocessing = 0;
			shellPath = /bin/sh;
			shellScript = "diff \"${PODS_PODFILE_DIR_PATH}/Podfile.lock\" \"${PODS_ROOT}/Manifest.lock\" > /dev/null\nif [ $? != 0 ] ; then\n    # print error to STDERR\n    echo \"error: The sandbox is not in sync with the Podfile.lock. Run 'pod install' or update your CocoaPods installation.\" >&2\n    exit 1\nfi\n# This output is used by Xcode 'outputs' to avoid re-running this script phase.\necho \"SUCCESS\" > \"${SCRIPT_OUTPUT_FILE_0}\"\n";
			showEnvVarsInLog = 0;
		};
		D509BCFAC82EB46978044E0A /* [CP] Check Pods Manifest.lock */ = {
			isa = PBXShellScriptBuildPhase;
			buildActionMask = 2147483647;
			files = (
			);
			inputFileListPaths = (
			);
			inputPaths = (
				"${PODS_PODFILE_DIR_PATH}/Podfile.lock",
				"${PODS_ROOT}/Manifest.lock",
			);
			name = "[CP] Check Pods Manifest.lock";
			outputFileListPaths = (
			);
			outputPaths = (
				"$(DERIVED_FILE_DIR)/Pods-SampleUIkit_2-SampleUIkit_2UITests-checkManifestLockResult.txt",
			);
			runOnlyForDeploymentPostprocessing = 0;
			shellPath = /bin/sh;
			shellScript = "diff \"${PODS_PODFILE_DIR_PATH}/Podfile.lock\" \"${PODS_ROOT}/Manifest.lock\" > /dev/null\nif [ $? != 0 ] ; then\n    # print error to STDERR\n    echo \"error: The sandbox is not in sync with the Podfile.lock. Run 'pod install' or update your CocoaPods installation.\" >&2\n    exit 1\nfi\n# This output is used by Xcode 'outputs' to avoid re-running this script phase.\necho \"SUCCESS\" > \"${SCRIPT_OUTPUT_FILE_0}\"\n";
			showEnvVarsInLog = 0;
		};
		D9812A6CE22EA745F26385DC /* [CP] Embed Pods Frameworks */ = {
			isa = PBXShellScriptBuildPhase;
			buildActionMask = 2147483647;
			files = (
			);
			inputFileListPaths = (
				"${PODS_ROOT}/Target Support Files/Pods-SampleUIkit_2-SampleUIkit_2UITests/Pods-SampleUIkit_2-SampleUIkit_2UITests-frameworks-${CONFIGURATION}-input-files.xcfilelist",
			);
			name = "[CP] Embed Pods Frameworks";
			outputFileListPaths = (
				"${PODS_ROOT}/Target Support Files/Pods-SampleUIkit_2-SampleUIkit_2UITests/Pods-SampleUIkit_2-SampleUIkit_2UITests-frameworks-${CONFIGURATION}-output-files.xcfilelist",
			);
			runOnlyForDeploymentPostprocessing = 0;
			shellPath = /bin/sh;
			shellScript = "\"${PODS_ROOT}/Target Support Files/Pods-SampleUIkit_2-SampleUIkit_2UITests/Pods-SampleUIkit_2-SampleUIkit_2UITests-frameworks.sh\"\n";
			showEnvVarsInLog = 0;
		};
/* End PBXShellScriptBuildPhase section */

/* Begin PBXSourcesBuildPhase section */
		40F137CD298262C700FF6800 /* Sources */ = {
			isa = PBXSourcesBuildPhase;
			buildActionMask = 2147483647;
			files = (
				40F137D9298262C700FF6800 /* MainViewController.swift in Sources */,
				40F137D5298262C700FF6800 /* AppDelegate.swift in Sources */,
				40F137D7298262C700FF6800 /* SceneDelegate.swift in Sources */,
			);
			runOnlyForDeploymentPostprocessing = 0;
		};
		40F137E3298262C800FF6800 /* Sources */ = {
			isa = PBXSourcesBuildPhase;
			buildActionMask = 2147483647;
			files = (
				40F137EC298262C800FF6800 /* SampleUIkit_2Tests.swift in Sources */,
			);
			runOnlyForDeploymentPostprocessing = 0;
		};
		40F137ED298262C800FF6800 /* Sources */ = {
			isa = PBXSourcesBuildPhase;
			buildActionMask = 2147483647;
			files = (
				40F137F8298262C800FF6800 /* SampleUIkit_2UITestsLaunchTests.swift in Sources */,
				40F137F6298262C800FF6800 /* SampleUIkit_2UITests.swift in Sources */,
			);
			runOnlyForDeploymentPostprocessing = 0;
		};
/* End PBXSourcesBuildPhase section */

/* Begin PBXTargetDependency section */
		40F137E9298262C800FF6800 /* PBXTargetDependency */ = {
			isa = PBXTargetDependency;
			target = 40F137D0298262C700FF6800 /* SampleUIkit_2 */;
			targetProxy = 40F137E8298262C800FF6800 /* PBXContainerItemProxy */;
		};
		40F137F3298262C800FF6800 /* PBXTargetDependency */ = {
			isa = PBXTargetDependency;
			target = 40F137D0298262C700FF6800 /* SampleUIkit_2 */;
			targetProxy = 40F137F2298262C800FF6800 /* PBXContainerItemProxy */;
		};
/* End PBXTargetDependency section */

/* Begin PBXVariantGroup section */
		40F137DA298262C700FF6800 /* Main.storyboard */ = {
			isa = PBXVariantGroup;
			children = (
				40F137DB298262C700FF6800 /* Base */,
			);
			name = Main.storyboard;
			sourceTree = "<group>";
		};
		40F137DF298262C800FF6800 /* LaunchScreen.storyboard */ = {
			isa = PBXVariantGroup;
			children = (
				40F137E0298262C800FF6800 /* Base */,
			);
			name = LaunchScreen.storyboard;
			sourceTree = "<group>";
		};
/* End PBXVariantGroup section */

/* Begin XCBuildConfiguration section */
		40F137F9298262C800FF6800 /* Debug */ = {
			isa = XCBuildConfiguration;
			buildSettings = {
				ALWAYS_SEARCH_USER_PATHS = NO;
				CLANG_ANALYZER_NONNULL = YES;
				CLANG_ANALYZER_NUMBER_OBJECT_CONVERSION = YES_AGGRESSIVE;
				CLANG_CXX_LANGUAGE_STANDARD = "gnu++20";
				CLANG_ENABLE_MODULES = YES;
				CLANG_ENABLE_OBJC_ARC = YES;
				CLANG_ENABLE_OBJC_WEAK = YES;
				CLANG_WARN_BLOCK_CAPTURE_AUTORELEASING = YES;
				CLANG_WARN_BOOL_CONVERSION = YES;
				CLANG_WARN_COMMA = YES;
				CLANG_WARN_CONSTANT_CONVERSION = YES;
				CLANG_WARN_DEPRECATED_OBJC_IMPLEMENTATIONS = YES;
				CLANG_WARN_DIRECT_OBJC_ISA_USAGE = YES_ERROR;
				CLANG_WARN_DOCUMENTATION_COMMENTS = YES;
				CLANG_WARN_EMPTY_BODY = YES;
				CLANG_WARN_ENUM_CONVERSION = YES;
				CLANG_WARN_INFINITE_RECURSION = YES;
				CLANG_WARN_INT_CONVERSION = YES;
				CLANG_WARN_NON_LITERAL_NULL_CONVERSION = YES;
				CLANG_WARN_OBJC_IMPLICIT_RETAIN_SELF = YES;
				CLANG_WARN_OBJC_LITERAL_CONVERSION = YES;
				CLANG_WARN_OBJC_ROOT_CLASS = YES_ERROR;
				CLANG_WARN_QUOTED_INCLUDE_IN_FRAMEWORK_HEADER = YES;
				CLANG_WARN_RANGE_LOOP_ANALYSIS = YES;
				CLANG_WARN_STRICT_PROTOTYPES = YES;
				CLANG_WARN_SUSPICIOUS_MOVE = YES;
				CLANG_WARN_UNGUARDED_AVAILABILITY = YES_AGGRESSIVE;
				CLANG_WARN_UNREACHABLE_CODE = YES;
				CLANG_WARN__DUPLICATE_METHOD_MATCH = YES;
				COPY_PHASE_STRIP = NO;
				DEBUG_INFORMATION_FORMAT = dwarf;
				ENABLE_STRICT_OBJC_MSGSEND = YES;
				ENABLE_TESTABILITY = YES;
				GCC_C_LANGUAGE_STANDARD = gnu11;
				GCC_DYNAMIC_NO_PIC = NO;
				GCC_NO_COMMON_BLOCKS = YES;
				GCC_OPTIMIZATION_LEVEL = 0;
				GCC_PREPROCESSOR_DEFINITIONS = (
					"DEBUG=1",
					"$(inherited)",
				);
				GCC_WARN_64_TO_32_BIT_CONVERSION = YES;
				GCC_WARN_ABOUT_RETURN_TYPE = YES_ERROR;
				GCC_WARN_UNDECLARED_SELECTOR = YES;
				GCC_WARN_UNINITIALIZED_AUTOS = YES_AGGRESSIVE;
				GCC_WARN_UNUSED_FUNCTION = YES;
				GCC_WARN_UNUSED_VARIABLE = YES;
				IPHONEOS_DEPLOYMENT_TARGET = 16.2;
				MTL_ENABLE_DEBUG_INFO = INCLUDE_SOURCE;
				MTL_FAST_MATH = YES;
				ONLY_ACTIVE_ARCH = YES;
				SDKROOT = iphoneos;
				SWIFT_ACTIVE_COMPILATION_CONDITIONS = DEBUG;
				SWIFT_OPTIMIZATION_LEVEL = "-Onone";
			};
			name = Debug;
		};
		40F137FA298262C800FF6800 /* Release */ = {
			isa = XCBuildConfiguration;
			buildSettings = {
				ALWAYS_SEARCH_USER_PATHS = NO;
				CLANG_ANALYZER_NONNULL = YES;
				CLANG_ANALYZER_NUMBER_OBJECT_CONVERSION = YES_AGGRESSIVE;
				CLANG_CXX_LANGUAGE_STANDARD = "gnu++20";
				CLANG_ENABLE_MODULES = YES;
				CLANG_ENABLE_OBJC_ARC = YES;
				CLANG_ENABLE_OBJC_WEAK = YES;
				CLANG_WARN_BLOCK_CAPTURE_AUTORELEASING = YES;
				CLANG_WARN_BOOL_CONVERSION = YES;
				CLANG_WARN_COMMA = YES;
				CLANG_WARN_CONSTANT_CONVERSION = YES;
				CLANG_WARN_DEPRECATED_OBJC_IMPLEMENTATIONS = YES;
				CLANG_WARN_DIRECT_OBJC_ISA_USAGE = YES_ERROR;
				CLANG_WARN_DOCUMENTATION_COMMENTS = YES;
				CLANG_WARN_EMPTY_BODY = YES;
				CLANG_WARN_ENUM_CONVERSION = YES;
				CLANG_WARN_INFINITE_RECURSION = YES;
				CLANG_WARN_INT_CONVERSION = YES;
				CLANG_WARN_NON_LITERAL_NULL_CONVERSION = YES;
				CLANG_WARN_OBJC_IMPLICIT_RETAIN_SELF = YES;
				CLANG_WARN_OBJC_LITERAL_CONVERSION = YES;
				CLANG_WARN_OBJC_ROOT_CLASS = YES_ERROR;
				CLANG_WARN_QUOTED_INCLUDE_IN_FRAMEWORK_HEADER = YES;
				CLANG_WARN_RANGE_LOOP_ANALYSIS = YES;
				CLANG_WARN_STRICT_PROTOTYPES = YES;
				CLANG_WARN_SUSPICIOUS_MOVE = YES;
				CLANG_WARN_UNGUARDED_AVAILABILITY = YES_AGGRESSIVE;
				CLANG_WARN_UNREACHABLE_CODE = YES;
				CLANG_WARN__DUPLICATE_METHOD_MATCH = YES;
				COPY_PHASE_STRIP = NO;
				DEBUG_INFORMATION_FORMAT = "dwarf-with-dsym";
				ENABLE_NS_ASSERTIONS = NO;
				ENABLE_STRICT_OBJC_MSGSEND = YES;
				GCC_C_LANGUAGE_STANDARD = gnu11;
				GCC_NO_COMMON_BLOCKS = YES;
				GCC_WARN_64_TO_32_BIT_CONVERSION = YES;
				GCC_WARN_ABOUT_RETURN_TYPE = YES_ERROR;
				GCC_WARN_UNDECLARED_SELECTOR = YES;
				GCC_WARN_UNINITIALIZED_AUTOS = YES_AGGRESSIVE;
				GCC_WARN_UNUSED_FUNCTION = YES;
				GCC_WARN_UNUSED_VARIABLE = YES;
				IPHONEOS_DEPLOYMENT_TARGET = 16.2;
				MTL_ENABLE_DEBUG_INFO = NO;
				MTL_FAST_MATH = YES;
				SDKROOT = iphoneos;
				SWIFT_COMPILATION_MODE = wholemodule;
				SWIFT_OPTIMIZATION_LEVEL = "-O";
				VALIDATE_PRODUCT = YES;
			};
			name = Release;
		};
		40F137FC298262C800FF6800 /* Debug */ = {
			isa = XCBuildConfiguration;
			baseConfigurationReference = 1A596E9D5E313530ABE0834D /* Pods-SampleUIkit_2.debug.xcconfig */;
			buildSettings = {
				ASSETCATALOG_COMPILER_APPICON_NAME = AppIcon;
				ASSETCATALOG_COMPILER_GLOBAL_ACCENT_COLOR_NAME = AccentColor;
				CODE_SIGN_STYLE = Automatic;
				CURRENT_PROJECT_VERSION = 1;
				DEVELOPMENT_TEAM = 5M5VM39FM9;
				GENERATE_INFOPLIST_FILE = YES;
				INFOPLIST_FILE = SampleUIkit_2/Info.plist;
				INFOPLIST_KEY_UIApplicationSupportsIndirectInputEvents = YES;
				INFOPLIST_KEY_UILaunchStoryboardName = LaunchScreen;
				INFOPLIST_KEY_UIMainStoryboardFile = Main;
				INFOPLIST_KEY_UISupportedInterfaceOrientations_iPad = "UIInterfaceOrientationPortrait UIInterfaceOrientationPortraitUpsideDown UIInterfaceOrientationLandscapeLeft UIInterfaceOrientationLandscapeRight";
				INFOPLIST_KEY_UISupportedInterfaceOrientations_iPhone = "UIInterfaceOrientationPortrait UIInterfaceOrientationLandscapeLeft UIInterfaceOrientationLandscapeRight";
				LD_RUNPATH_SEARCH_PATHS = (
					"$(inherited)",
					"@executable_path/Frameworks",
				);
				MARKETING_VERSION = 1.0;
				PRODUCT_BUNDLE_IDENTIFIER = "com.gil.SampleUIkit-2";
				PRODUCT_NAME = "$(TARGET_NAME)";
				SWIFT_EMIT_LOC_STRINGS = YES;
				SWIFT_VERSION = 5.0;
				TARGETED_DEVICE_FAMILY = "1,2";
			};
			name = Debug;
		};
		40F137FD298262C800FF6800 /* Release */ = {
			isa = XCBuildConfiguration;
			baseConfigurationReference = 5F34046F523431E9F137CB2E /* Pods-SampleUIkit_2.release.xcconfig */;
			buildSettings = {
				ASSETCATALOG_COMPILER_APPICON_NAME = AppIcon;
				ASSETCATALOG_COMPILER_GLOBAL_ACCENT_COLOR_NAME = AccentColor;
				CODE_SIGN_STYLE = Automatic;
				CURRENT_PROJECT_VERSION = 1;
				DEVELOPMENT_TEAM = 5M5VM39FM9;
				GENERATE_INFOPLIST_FILE = YES;
				INFOPLIST_FILE = SampleUIkit_2/Info.plist;
				INFOPLIST_KEY_UIApplicationSupportsIndirectInputEvents = YES;
				INFOPLIST_KEY_UILaunchStoryboardName = LaunchScreen;
				INFOPLIST_KEY_UIMainStoryboardFile = Main;
				INFOPLIST_KEY_UISupportedInterfaceOrientations_iPad = "UIInterfaceOrientationPortrait UIInterfaceOrientationPortraitUpsideDown UIInterfaceOrientationLandscapeLeft UIInterfaceOrientationLandscapeRight";
				INFOPLIST_KEY_UISupportedInterfaceOrientations_iPhone = "UIInterfaceOrientationPortrait UIInterfaceOrientationLandscapeLeft UIInterfaceOrientationLandscapeRight";
				LD_RUNPATH_SEARCH_PATHS = (
					"$(inherited)",
					"@executable_path/Frameworks",
				);
				MARKETING_VERSION = 1.0;
				PRODUCT_BUNDLE_IDENTIFIER = "com.gil.SampleUIkit-2";
				PRODUCT_NAME = "$(TARGET_NAME)";
				SWIFT_EMIT_LOC_STRINGS = YES;
				SWIFT_VERSION = 5.0;
				TARGETED_DEVICE_FAMILY = "1,2";
			};
			name = Release;
		};
		40F137FF298262C800FF6800 /* Debug */ = {
			isa = XCBuildConfiguration;
			baseConfigurationReference = 2BC94022F2D03F9B64A0B9CA /* Pods-SampleUIkit_2Tests.debug.xcconfig */;
			buildSettings = {
				ALWAYS_EMBED_SWIFT_STANDARD_LIBRARIES = YES;
				BUNDLE_LOADER = "$(TEST_HOST)";
				CODE_SIGN_STYLE = Automatic;
				CURRENT_PROJECT_VERSION = 1;
				DEVELOPMENT_TEAM = 5M5VM39FM9;
				GENERATE_INFOPLIST_FILE = YES;
				IPHONEOS_DEPLOYMENT_TARGET = 16.2;
				MARKETING_VERSION = 1.0;
				PRODUCT_BUNDLE_IDENTIFIER = "com.gil.SampleUIkit-2Tests";
				PRODUCT_NAME = "$(TARGET_NAME)";
				SWIFT_EMIT_LOC_STRINGS = NO;
				SWIFT_VERSION = 5.0;
				TARGETED_DEVICE_FAMILY = "1,2";
				TEST_HOST = "$(BUILT_PRODUCTS_DIR)/SampleUIkit_2.app/$(BUNDLE_EXECUTABLE_FOLDER_PATH)/SampleUIkit_2";
			};
			name = Debug;
		};
		40F13800298262C800FF6800 /* Release */ = {
			isa = XCBuildConfiguration;
			baseConfigurationReference = B9B1CCC92FF03F3010B33E55 /* Pods-SampleUIkit_2Tests.release.xcconfig */;
			buildSettings = {
				ALWAYS_EMBED_SWIFT_STANDARD_LIBRARIES = YES;
				BUNDLE_LOADER = "$(TEST_HOST)";
				CODE_SIGN_STYLE = Automatic;
				CURRENT_PROJECT_VERSION = 1;
				DEVELOPMENT_TEAM = 5M5VM39FM9;
				GENERATE_INFOPLIST_FILE = YES;
				IPHONEOS_DEPLOYMENT_TARGET = 16.2;
				MARKETING_VERSION = 1.0;
				PRODUCT_BUNDLE_IDENTIFIER = "com.gil.SampleUIkit-2Tests";
				PRODUCT_NAME = "$(TARGET_NAME)";
				SWIFT_EMIT_LOC_STRINGS = NO;
				SWIFT_VERSION = 5.0;
				TARGETED_DEVICE_FAMILY = "1,2";
				TEST_HOST = "$(BUILT_PRODUCTS_DIR)/SampleUIkit_2.app/$(BUNDLE_EXECUTABLE_FOLDER_PATH)/SampleUIkit_2";
			};
			name = Release;
		};
		40F13802298262C800FF6800 /* Debug */ = {
			isa = XCBuildConfiguration;
			baseConfigurationReference = 22A7E9B0DF421C8B7DB0A165 /* Pods-SampleUIkit_2-SampleUIkit_2UITests.debug.xcconfig */;
			buildSettings = {
				ALWAYS_EMBED_SWIFT_STANDARD_LIBRARIES = YES;
				CODE_SIGN_STYLE = Automatic;
				CURRENT_PROJECT_VERSION = 1;
				DEVELOPMENT_TEAM = 5M5VM39FM9;
				GENERATE_INFOPLIST_FILE = YES;
				MARKETING_VERSION = 1.0;
				PRODUCT_BUNDLE_IDENTIFIER = "com.gil.SampleUIkit-2UITests";
				PRODUCT_NAME = "$(TARGET_NAME)";
				SWIFT_EMIT_LOC_STRINGS = NO;
				SWIFT_VERSION = 5.0;
				TARGETED_DEVICE_FAMILY = "1,2";
				TEST_TARGET_NAME = SampleUIkit_2;
			};
			name = Debug;
		};
		40F13803298262C800FF6800 /* Release */ = {
			isa = XCBuildConfiguration;
			baseConfigurationReference = 47466E14AB37FC168BAD911F /* Pods-SampleUIkit_2-SampleUIkit_2UITests.release.xcconfig */;
			buildSettings = {
				ALWAYS_EMBED_SWIFT_STANDARD_LIBRARIES = YES;
				CODE_SIGN_STYLE = Automatic;
				CURRENT_PROJECT_VERSION = 1;
				DEVELOPMENT_TEAM = 5M5VM39FM9;
				GENERATE_INFOPLIST_FILE = YES;
				MARKETING_VERSION = 1.0;
				PRODUCT_BUNDLE_IDENTIFIER = "com.gil.SampleUIkit-2UITests";
				PRODUCT_NAME = "$(TARGET_NAME)";
				SWIFT_EMIT_LOC_STRINGS = NO;
				SWIFT_VERSION = 5.0;
				TARGETED_DEVICE_FAMILY = "1,2";
				TEST_TARGET_NAME = SampleUIkit_2;
			};
			name = Release;
		};
/* End XCBuildConfiguration section */

/* Begin XCConfigurationList section */
		40F137CC298262C700FF6800 /* Build configuration list for PBXProject "SampleUIkit_2" */ = {
			isa = XCConfigurationList;
			buildConfigurations = (
				40F137F9298262C800FF6800 /* Debug */,
				40F137FA298262C800FF6800 /* Release */,
			);
			defaultConfigurationIsVisible = 0;
			defaultConfigurationName = Release;
		};
		40F137FB298262C800FF6800 /* Build configuration list for PBXNativeTarget "SampleUIkit_2" */ = {
			isa = XCConfigurationList;
			buildConfigurations = (
				40F137FC298262C800FF6800 /* Debug */,
				40F137FD298262C800FF6800 /* Release */,
			);
			defaultConfigurationIsVisible = 0;
			defaultConfigurationName = Release;
		};
		40F137FE298262C800FF6800 /* Build configuration list for PBXNativeTarget "SampleUIkit_2Tests" */ = {
			isa = XCConfigurationList;
			buildConfigurations = (
				40F137FF298262C800FF6800 /* Debug */,
				40F13800298262C800FF6800 /* Release */,
			);
			defaultConfigurationIsVisible = 0;
			defaultConfigurationName = Release;
		};
		40F13801298262C800FF6800 /* Build configuration list for PBXNativeTarget "SampleUIkit_2UITests" */ = {
			isa = XCConfigurationList;
			buildConfigurations = (
				40F13802298262C800FF6800 /* Debug */,
				40F13803298262C800FF6800 /* Release */,
			);
			defaultConfigurationIsVisible = 0;
			defaultConfigurationName = Release;
		};
/* End XCConfigurationList section */
	};
	rootObject = 40F137C9298262C700FF6800 /* Project object */;
}
